{
  "name": "@xieyuheng/x-sexp.js",
  "version": "0.5.5",
  "lockfileVersion": 3,
  "requires": true,
  "packages": {
    "": {
      "name": "@xieyuheng/x-sexp.js",
      "version": "0.5.5",
      "license": "GPL-3.0-or-later",
      "dependencies": {
        "@xieyuheng/commander.js": "^0.1.5"
      },
      "bin": {
        "x-sexp.js": "lib/main.js"
      },
      "devDependencies": {
        "@types/node": "^24.10.0",
        "prettier": "^3.6.2",
        "prettier-plugin-organize-imports": "^4.3.0",
        "typescript": "^5.9.3"
      }
    },
    "node_modules/@types/node": {
      "version": "24.10.0",
      "resolved": "https://registry.npmjs.org/@types/node/-/node-24.10.0.tgz",
      "integrity": "sha512-qzQZRBqkFsYyaSWXuEHc2WR9c0a0CXwiE5FWUvn7ZM+vdy1uZLfCunD38UzhuB7YN/J11ndbDBcTmOdxJo9Q7A==",
      "dev": true,
      "license": "MIT",
      "dependencies": {
        "undici-types": "~7.16.0"
      }
    },
    "node_modules/@types/yargs-parser": {
      "version": "21.0.3",
      "resolved": "https://registry.npmjs.org/@types/yargs-parser/-/yargs-parser-21.0.3.tgz",
      "integrity": "sha512-I4q9QU9MQv4oEOz4tAHJtNz1cwuLxn2F3xcc2iV5WdqLPpUnj30aUuxt1mAxYTG+oe8CZMV/+6rU4S4gRDzqtQ==",
      "license": "MIT"
    },
    "node_modules/@xieyuheng/commander.js": {
      "version": "0.1.5",
      "resolved": "https://registry.npmjs.org/@xieyuheng/commander.js/-/commander.js-0.1.5.tgz",
      "integrity": "sha512-xNURLT7rXD3vhiCijYouYz/GSak5+tR30ZkrPC1iR4t3SWyRo5Z3OsLY3NMf/l02vtIDJYFo8xful1UmTDuGuQ==",
      "license": "GPL-3.0-or-later",
      "dependencies": {
        "@types/yargs-parser": "^21.0.3",
        "yargs-parser": "^22.0.0"
      },
      "bin": {
        "commander.js": "lib/main.js"
      }
    },
    "node_modules/prettier": {
      "version": "3.6.2",
      "resolved": "https://registry.npmjs.org/prettier/-/prettier-3.6.2.tgz",
      "integrity": "sha512-I7AIg5boAr5R0FFtJ6rCfD+LFsWHp81dolrFD8S79U9tb8Az2nGrJncnMSnys+bpQJfRUzqs9hnA81OAA3hCuQ==",
      "dev": true,
      "license": "MIT",
      "peer": true,
      "bin": {
        "prettier": "bin/prettier.cjs"
      },
      "engines": {
        "node": ">=14"
      },
      "funding": {
        "url": "https://github.com/prettier/prettier?sponsor=1"
      }
    },
    "node_modules/prettier-plugin-organize-imports": {
      "version": "4.3.0",
      "resolved": "https://registry.npmjs.org/prettier-plugin-organize-imports/-/prettier-plugin-organize-imports-4.3.0.tgz",
      "integrity": "sha512-FxFz0qFhyBsGdIsb697f/EkvHzi5SZOhWAjxcx2dLt+Q532bAlhswcXGYB1yzjZ69kW8UoadFBw7TyNwlq96Iw==",
      "dev": true,
      "license": "MIT",
      "peerDependencies": {
        "prettier": ">=2.0",
        "typescript": ">=2.9",
        "vue-tsc": "^2.1.0 || 3"
      },
      "peerDependenciesMeta": {
        "vue-tsc": {
          "optional": true
        }
      }
    },
    "node_modules/typescript": {
      "version": "5.9.3",
      "resolved": "https://registry.npmjs.org/typescript/-/typescript-5.9.3.tgz",
      "integrity": "sha512-jl1vZzPDinLr9eUt3J/t7V6FgNEw9QjvBPdysz9KfQDD41fQrC2Y4vKQdiaUpFT4bXlb1RHhLpp8wtm6M5TgSw==",
      "dev": true,
      "license": "Apache-2.0",
      "peer": true,
      "bin": {
        "tsc": "bin/tsc",
        "tsserver": "bin/tsserver"
      },
      "engines": {
        "node": ">=14.17"
      }
    },
    "node_modules/undici-types": {
      "version": "7.16.0",
      "resolved": "https://registry.npmjs.org/undici-types/-/undici-types-7.16.0.tgz",
      "integrity": "sha512-Zz+aZWSj8LE6zoxD+xrjh4VfkIG8Ya6LvYkZqtUQGJPZjYl53ypCaUwWqo7eI0x66KBGeRo+mlBEkMSeSZ38Nw==",
      "dev": true,
      "license": "MIT"
    },
    "node_modules/yargs-parser": {
      "version": "22.0.0",
      "resolved": "https://registry.npmjs.org/yargs-parser/-/yargs-parser-22.0.0.tgz",
      "integrity": "sha512-rwu/ClNdSMpkSrUb+d6BRsSkLUq1fmfsY6TOpYzTwvwkg1/NRG85KBy3kq++A8LKQwX6lsu+aWad+2khvuXrqw==",
      "license": "ISC",
      "engines": {
        "node": "^20.19.0 || ^22.12.0 || >=23"
      }
    }
  }
}
